
Microsoft Visual Studio Solution File, Format Version 12.00
# Visual Studio Version 16
VisualStudioVersion = 16.0.31410.357
MinimumVisualStudioVersion = 10.0.40219.1
Project("{FAE04EC0-301F-11D3-BF4B-00C04F79EFBC}") = "TopContactsAPI", "TopContactsAPI\TopContactsAPI.csproj", "{BC44405B-18C5-42B2-B5C2-A26931B6EDCF}"
EndProject
Global
	GlobalSection(SolutionConfigurationPlatforms) = preSolution
		Debug|Any CPU = Debug|Any CPU
		Release|Any CPU = Release|Any CPU
	EndGlobalSection
	GlobalSection(ProjectConfigurationPlatforms) = postSolution
		{BC44405B-18C5-42B2-B5C2-A26931B6EDCF}.Debug|Any CPU.ActiveCfg = Debug|Any CPU
		{BC44405B-18C5-42B2-B5C2-A26931B6EDCF}.Debug|Any CPU.Build.0 = Debug|Any CPU
		{BC44405B-18C5-42B2-B5C2-A26931B6EDCF}.Release|Any CPU.ActiveCfg = Release|Any CPU
		{BC44405B-18C5-42B2-B5C2-A26931B6EDCF}.Release|Any CPU.Build.0 = Release|Any CPU
	EndGlobalSection
	GlobalSection(SolutionProperties) = preSolution
		HideSolutionNode = FALSE
	EndGlobalSection
	GlobalSection(ExtensibilityGlobals) = postSolution
		SolutionGuid = {658E97C6-17BF-4DB7-9D57-D8B43E56CAFB}
	EndGlobalSection
EndGlobal
